# This file is generated by running "yarn install" inside your project.
# Manual changes might be lost - proceed with caution!

__metadata:
  version: 6
  cacheKey: 8

"dequal@npm:^2.0.0":
  version: 2.0.3
  resolution: "dequal@npm:2.0.3"
  checksum: 8679b850e1a3d0ebbc46ee780d5df7b478c23f335887464023a631d1b9af051ad4a6595a44220f9ff8ff95a8ddccf019b5ad778a976fd7bbf77383d36f412f90
  languageName: node
  linkType: hard

"diff@npm:^5.0.0":
  version: 5.1.0
  resolution: "diff@npm:5.1.0"
  checksum: c7bf0df7c9bfbe1cf8a678fd1b2137c4fb11be117a67bc18a0e03ae75105e8533dbfb1cda6b46beb3586ef5aed22143ef9d70713977d5fb1f9114e21455fba90
  languageName: node
  linkType: hard

"kleur@npm:^4.0.3":
  version: 4.1.5
  resolution: "kleur@npm:4.1.5"
  checksum: 1dc476e32741acf0b1b5b0627ffd0d722e342c1b0da14de3e8ae97821327ca08f9fb944542fb3c126d90ac5f27f9d804edbe7c585bf7d12ef495d115e0f22c12
  languageName: node
  linkType: hard

"mri@npm:^1.1.0":
  version: 1.2.0
  resolution: "mri@npm:1.2.0"
  checksum: 83f515abbcff60150873e424894a2f65d68037e5a7fcde8a9e2b285ee9c13ac581b63cfc1e6826c4732de3aeb84902f7c1e16b7aff46cd3f897a0f757a894e85
  languageName: node
  linkType: hard

"prettier@npm:^3.1.1":
  version: 3.1.1
  resolution: "prettier@npm:3.1.1"
  bin:
    prettier: bin/prettier.cjs
  checksum: e386855e3a1af86a748e16953f168be555ce66d6233f4ba54eb6449b88eb0c6b2ca79441b11eae6d28a7f9a5c96440ce50864b9d5f6356d331d39d6bb66c648e
  languageName: node
  linkType: hard

"sade@npm:^1.7.3":
  version: 1.8.1
  resolution: "sade@npm:1.8.1"
  dependencies:
    mri: ^1.1.0
  checksum: 0756e5b04c51ccdc8221ebffd1548d0ce5a783a44a0fa9017a026659b97d632913e78f7dca59f2496aa996a0be0b0c322afd87ca72ccd909406f49dbffa0f45d
  languageName: node
  linkType: hard

"uvu@npm:^0.5.6":
  version: 0.5.6
  resolution: "uvu@npm:0.5.6"
  dependencies:
    dequal: ^2.0.0
    diff: ^5.0.0
    kleur: ^4.0.3
    sade: ^1.7.3
  bin:
    uvu: bin.js
  checksum: 09460a37975627de9fcad396e5078fb844d01aaf64a6399ebfcfd9e55f1c2037539b47611e8631f89be07656962af0cf48c334993db82b9ae9c3d25ce3862168
  languageName: node
  linkType: hard

"word-snatchers-cli-is-he-living-or-is-he-dead-by-twain-words-plugin@workspace:.":
  version: 0.0.0-use.local
  resolution: "word-snatchers-cli-is-he-living-or-is-he-dead-by-twain-words-plugin@workspace:."
  dependencies:
    prettier: ^3.1.1
    uvu: ^0.5.6
  languageName: unknown
  linkType: soft
